
Microsoft Visual Studio Solution File, Format Version 12.00
# Visual Studio Version 17
VisualStudioVersion = 17.9.34616.47
MinimumVisualStudioVersion = 10.0.40219.1
Project("{8BC9CEB8-8B4A-11D0-8D11-00A0C91BC942}") = "PointerdanFriendclass_0126", "PointerdanFriendclass_0126\PointerdanFriendclass_0126.vcxproj", "{2372FBB8-B029-420A-A740-BF149FF9F2FA}"
EndProject
Project("{8BC9CEB8-8B4A-11D0-8D11-00A0C91BC942}") = "PointerDua", "PointerDua\PointerDua.vcxproj", "{113E76C1-2806-4947-A614-89ED0B3B7533}"
EndProject
Project("{8BC9CEB8-8B4A-11D0-8D11-00A0C91BC942}") = "friendClassSatu", "friendClassSatu\friendClassSatu.vcxproj", "{826FC4F7-8E57-48C5-86B1-A31B6213597D}"
EndProject
Project("{8BC9CEB8-8B4A-11D0-8D11-00A0C91BC942}") = "FriendFunctionSatu", "FriendFunctionSatu\FriendFunctionSatu.vcxproj", "{9C551E7A-23AF-4065-9E23-E876ACE846FF}"
EndProject
Global
	GlobalSection(SolutionConfigurationPlatforms) = preSolution
		Debug|x64 = Debug|x64
		Debug|x86 = Debug|x86
		Release|x64 = Release|x64
		Release|x86 = Release|x86
	EndGlobalSection
	GlobalSection(ProjectConfigurationPlatforms) = postSolution
		{2372FBB8-B029-420A-A740-BF149FF9F2FA}.Debug|x64.ActiveCfg = Debug|x64
		{2372FBB8-B029-420A-A740-BF149FF9F2FA}.Debug|x64.Build.0 = Debug|x64
		{2372FBB8-B029-420A-A740-BF149FF9F2FA}.Debug|x86.ActiveCfg = Debug|Win32
		{2372FBB8-B029-420A-A740-BF149FF9F2FA}.Debug|x86.Build.0 = Debug|Win32
		{2372FBB8-B029-420A-A740-BF149FF9F2FA}.Release|x64.ActiveCfg = Release|x64
		{2372FBB8-B029-420A-A740-BF149FF9F2FA}.Release|x64.Build.0 = Release|x64
		{2372FBB8-B029-420A-A740-BF149FF9F2FA}.Release|x86.ActiveCfg = Release|Win32
		{2372FBB8-B029-420A-A740-BF149FF9F2FA}.Release|x86.Build.0 = Release|Win32
		{113E76C1-2806-4947-A614-89ED0B3B7533}.Debug|x64.ActiveCfg = Debug|x64
		{113E76C1-2806-4947-A614-89ED0B3B7533}.Debug|x64.Build.0 = Debug|x64
		{113E76C1-2806-4947-A614-89ED0B3B7533}.Debug|x86.ActiveCfg = Debug|Win32
		{113E76C1-2806-4947-A614-89ED0B3B7533}.Debug|x86.Build.0 = Debug|Win32
		{113E76C1-2806-4947-A614-89ED0B3B7533}.Release|x64.ActiveCfg = Release|x64
		{113E76C1-2806-4947-A614-89ED0B3B7533}.Release|x64.Build.0 = Release|x64
		{113E76C1-2806-4947-A614-89ED0B3B7533}.Release|x86.ActiveCfg = Release|Win32
		{113E76C1-2806-4947-A614-89ED0B3B7533}.Release|x86.Build.0 = Release|Win32
		{826FC4F7-8E57-48C5-86B1-A31B6213597D}.Debug|x64.ActiveCfg = Debug|x64
		{826FC4F7-8E57-48C5-86B1-A31B6213597D}.Debug|x64.Build.0 = Debug|x64
		{826FC4F7-8E57-48C5-86B1-A31B6213597D}.Debug|x86.ActiveCfg = Debug|Win32
		{826FC4F7-8E57-48C5-86B1-A31B6213597D}.Debug|x86.Build.0 = Debug|Win32
		{826FC4F7-8E57-48C5-86B1-A31B6213597D}.Release|x64.ActiveCfg = Release|x64
		{826FC4F7-8E57-48C5-86B1-A31B6213597D}.Release|x64.Build.0 = Release|x64
		{826FC4F7-8E57-48C5-86B1-A31B6213597D}.Release|x86.ActiveCfg = Release|Win32
		{826FC4F7-8E57-48C5-86B1-A31B6213597D}.Release|x86.Build.0 = Release|Win32
		{9C551E7A-23AF-4065-9E23-E876ACE846FF}.Debug|x64.ActiveCfg = Debug|x64
		{9C551E7A-23AF-4065-9E23-E876ACE846FF}.Debug|x64.Build.0 = Debug|x64
		{9C551E7A-23AF-4065-9E23-E876ACE846FF}.Debug|x86.ActiveCfg = Debug|Win32
		{9C551E7A-23AF-4065-9E23-E876ACE846FF}.Debug|x86.Build.0 = Debug|Win32
		{9C551E7A-23AF-4065-9E23-E876ACE846FF}.Release|x64.ActiveCfg = Release|x64
		{9C551E7A-23AF-4065-9E23-E876ACE846FF}.Release|x64.Build.0 = Release|x64
		{9C551E7A-23AF-4065-9E23-E876ACE846FF}.Release|x86.ActiveCfg = Release|Win32
		{9C551E7A-23AF-4065-9E23-E876ACE846FF}.Release|x86.Build.0 = Release|Win32
	EndGlobalSection
	GlobalSection(SolutionProperties) = preSolution
		HideSolutionNode = FALSE
	EndGlobalSection
	GlobalSection(ExtensibilityGlobals) = postSolution
		SolutionGuid = {1D1E112F-1DD2-412E-9C23-739E43A08F2D}
	EndGlobalSection
EndGlobal
